PODS:
  - Action (4.1.0):
    - RxCocoa (~> 5.0)
    - RxSwift (~> 5.0)
  - Alamofire (5.2.2)
  - "NSObject+Rx (5.1.0)":
    - RxSwift (~> 5.1)
  - RxAlamofire (5.6.0):
    - RxAlamofire/Core (= 5.6.0)
  - RxAlamofire/Core (5.6.0):
    - Alamofire (~> 5.1)
    - RxSwift (~> 5.1)
  - RxCocoa (5.1.1):
    - RxRelay (~> 5)
    - RxSwift (~> 5)
  - RxOptional (4.1.0):
    - RxCocoa (~> 5)
    - RxSwift (~> 5)
  - RxRelay (5.1.1):
    - RxSwift (~> 5)
  - RxSwift (5.1.1)

DEPENDENCIES:
  - Action
  - Alamofire
  - "NSObject+Rx"
  - RxAlamofire
  - RxCocoa
  - RxOptional
  - RxSwift

SPEC REPOS:
  trunk:
    - Action
    - Alamofire
    - "NSObject+Rx"
    - RxAlamofire
    - RxCocoa
    - RxOptional
    - RxRelay
    - RxSwift

SPEC CHECKSUMS:
  Action: 79e6c5dc91e13eea045ab6744b3e5609086671aa
  Alamofire: 814429acc853c6c54ff123fc3d2ef66803823ce0
  "NSObject+Rx": fa6bbcc1ab1faa06b01466bc09b1e0692bbc5946
  RxAlamofire: f34ddbab56fa2a36f99737f4d4ecc22288a1384f
  RxCocoa: 32065309a38d29b5b0db858819b5bf9ef038b601
  RxOptional: b1fcd60856807a564c0215c2184b8d33e7826dc2
  RxRelay: d77f7d771495f43c556cbc43eebd1bb54d01e8e9
  RxSwift: 81470a2074fa8780320ea5fe4102807cb7118178

PODFILE CHECKSUM: 11c8da3edc62921d3738894d9714ad5214c54478

COCOAPODS: 1.9.3
